
Microsoft Visual Studio Solution File, Format Version 11.00
# Visual Studio 2010
Project("{FAE04EC0-301F-11D3-BF4B-00C04F79EFBC}") = "Unity.XR.Interaction.Toolkit.Samples.StarterAssets", "Unity.XR.Interaction.Toolkit.Samples.StarterAssets.csproj", "{67c9a601-df73-4e46-78a3-fbbbf60b052a}"
EndProject
Project("{FAE04EC0-301F-11D3-BF4B-00C04F79EFBC}") = "Assembly-CSharp", "Assembly-CSharp.csproj", "{dbdd4e3f-3a1f-f6ad-77b8-b393912a080a}"
EndProject
Global
	GlobalSection(SolutionConfigurationPlatforms) = preSolution
		Debug|Any CPU = Debug|Any CPU
	EndGlobalSection
	GlobalSection(ProjectConfigurationPlatforms) = postSolution
		{67c9a601-df73-4e46-78a3-fbbbf60b052a}.Debug|Any CPU.ActiveCfg = Debug|Any CPU
		{67c9a601-df73-4e46-78a3-fbbbf60b052a}.Debug|Any CPU.Build.0 = Debug|Any CPU
		{dbdd4e3f-3a1f-f6ad-77b8-b393912a080a}.Debug|Any CPU.ActiveCfg = Debug|Any CPU
		{dbdd4e3f-3a1f-f6ad-77b8-b393912a080a}.Debug|Any CPU.Build.0 = Debug|Any CPU
	EndGlobalSection
	GlobalSection(SolutionProperties) = preSolution
		HideSolutionNode = FALSE
	EndGlobalSection
EndGlobal
